{
    "name": "@zanake/idx",
    "version": "v0.0.47-beta",
    "lockfileVersion": 3,
    "requires": true,
    "packages": {
        "": {
            "name": "@zanake/idx",
            "version": "v0.0.47-beta",
            "devDependencies": {
                "@types/fast-html-parser": "^1.0.2"
            }
        },
        "node_modules/@types/fast-html-parser": {
            "version": "1.0.2",
            "resolved": "https://registry.npmjs.org/@types/fast-html-parser/-/fast-html-parser-1.0.2.tgz",
            "integrity": "sha512-xRnXJUtccAkrGJDyaHUo9ioKwHrT3OMANfg25U2MGkHvXiSMwpZXX/JLbU5KTtZLzpW/NcNIXHISaAcTLQ1jxg==",
            "dev": true
        }
    }
}